{
  "name": "lamela-render3d",
  "version": "1.0.0",
  "lockfileVersion": 3,
  "requires": true,
  "packages": {
    "": {
      "name": "lamela-render3d",
      "version": "1.0.0",
      "license": "UNLICENSED",
      "dependencies": {
        "n8ao": "^2.0.1",
        "postprocessing": "^6.39.5",
        "three": "^0.186.1"
      }
    },
    "node_modules/n8ao": {
      "version": "2.0.1",
      "resolved": "https://registry.npmjs.org/n8ao/-/n8ao-2.0.1.tgz",
      "integrity": "sha512-MoP1QKUdj4/3cKEnhFl917t0eQwWGER1l43ckz5mNOPyYWGRDGQbVoTOQz/VBvy01in6QVNG+AL6Xxx5AjZBYA==",
      "license": "ISC",
      "peerDependencies": {
        "postprocessing": ">=6.30.0",
        "three": ">=0.137"
      }
    },
    "node_modules/postprocessing": {
      "version": "6.39.5",
      "resolved": "https://registry.npmjs.org/postprocessing/-/postprocessing-6.39.5.tgz",
      "integrity": "sha512-YmH+t74J2X1lwYjKzK/tgs9C9kqWWPB9JwZiDF5mEf4BdCEAmEFbO8lXBA7NM0/j4g+x6FgD/Tt5/kT7ogbEDA==",
      "license": "Zlib",
      "peerDependencies": {
        "three": ">= 0.168.0 < 0.187.0"
      }
    },
    "node_modules/three": {
      "version": "0.186.1",
      "resolved": "https://registry.npmjs.org/three/-/three-0.186.1.tgz",
      "integrity": "sha512-blFeqb49wRCSGUGj7gtpfnSGHy2lwDk94RhUmS1c/hTby70kvChbWpkJ4Pm1390LqzzvTmzgXKHPEafJwCb8jA==",
      "license": "MIT"
    }
  }
}
